
Microsoft Visual Studio Solution File, Format Version 12.00
# Visual Studio Version 17
VisualStudioVersion = 17.14.36203.30
MinimumVisualStudioVersion = 10.0.40219.1
Project("{FAE04EC0-301F-11D3-BF4B-00C04F79EFBC}") = "DayTwoOop", "DayTwoOop\DayTwoOop.csproj", "{B34BC585-21EC-4101-98FD-F7BB3DC36BF3}"
EndProject
Project("{FAE04EC0-301F-11D3-BF4B-00C04F79EFBC}") = "EmployeRental", "EmployeRental\EmployeRental.csproj", "{7AC1404F-BB6A-455F-940D-3EF8080B3854}"
EndProject
Global
	GlobalSection(SolutionConfigurationPlatforms) = preSolution
		Debug|Any CPU = Debug|Any CPU
		Release|Any CPU = Release|Any CPU
	EndGlobalSection
	GlobalSection(ProjectConfigurationPlatforms) = postSolution
		{B34BC585-21EC-4101-98FD-F7BB3DC36BF3}.Debug|Any CPU.ActiveCfg = Debug|Any CPU
		{B34BC585-21EC-4101-98FD-F7BB3DC36BF3}.Debug|Any CPU.Build.0 = Debug|Any CPU
		{B34BC585-21EC-4101-98FD-F7BB3DC36BF3}.Release|Any CPU.ActiveCfg = Release|Any CPU
		{B34BC585-21EC-4101-98FD-F7BB3DC36BF3}.Release|Any CPU.Build.0 = Release|Any CPU
		{7AC1404F-BB6A-455F-940D-3EF8080B3854}.Debug|Any CPU.ActiveCfg = Debug|Any CPU
		{7AC1404F-BB6A-455F-940D-3EF8080B3854}.Debug|Any CPU.Build.0 = Debug|Any CPU
		{7AC1404F-BB6A-455F-940D-3EF8080B3854}.Release|Any CPU.ActiveCfg = Release|Any CPU
		{7AC1404F-BB6A-455F-940D-3EF8080B3854}.Release|Any CPU.Build.0 = Release|Any CPU
	EndGlobalSection
	GlobalSection(SolutionProperties) = preSolution
		HideSolutionNode = FALSE
	EndGlobalSection
	GlobalSection(ExtensibilityGlobals) = postSolution
		SolutionGuid = {B1389365-3DA7-4284-90B3-4D4B6C0FE073}
	EndGlobalSection
EndGlobal
